// !$*UTF8*$!
{
	archiveVersion = 1;
	classes = {
	};
	objectVersion = 50;
	objects = {

/* Begin PBXBuildFile section */
		3AB9DF10261BFBBE0024EECD /* AppDelegate.swift in Sources */ = {isa = PBXBuildFile; fileRef = 3AB9DF0F261BFBBE0024EECD /* AppDelegate.swift */; };
		3AB9DF12261BFBBE0024EECD /* SceneDelegate.swift in Sources */ = {isa = PBXBuildFile; fileRef = 3AB9DF11261BFBBE0024EECD /* SceneDelegate.swift */; };
		3AB9DF17261BFBBE0024EECD /* Main.storyboard in Resources */ = {isa = PBXBuildFile; fileRef = 3AB9DF15261BFBBE0024EECD /* Main.storyboard */; };
		3AB9DF19261BFBC00024EECD /* Assets.xcassets in Resources */ = {isa = PBXBuildFile; fileRef = 3AB9DF18261BFBC00024EECD /* Assets.xcassets */; };
		3AB9DF1C261BFBC00024EECD /* LaunchScreen.storyboard in Resources */ = {isa = PBXBuildFile; fileRef = 3AB9DF1A261BFBC00024EECD /* LaunchScreen.storyboard */; };
		3AB9DF26261BFE5A0024EECD /* CategoryTableViewController.swift in Sources */ = {isa = PBXBuildFile; fileRef = 3AB9DF25261BFE5A0024EECD /* CategoryTableViewController.swift */; };
		3AB9DF29261BFE6E0024EECD /* MenuTableViewController.swift in Sources */ = {isa = PBXBuildFile; fileRef = 3AB9DF28261BFE6E0024EECD /* MenuTableViewController.swift */; };
		3AB9DF2C261BFE7F0024EECD /* OrderTableViewController.swift in Sources */ = {isa = PBXBuildFile; fileRef = 3AB9DF2B261BFE7F0024EECD /* OrderTableViewController.swift */; };
		3AB9DF30261BFF5A0024EECD /* MenuItemDetailViewController.swift in Sources */ = {isa = PBXBuildFile; fileRef = 3AB9DF2F261BFF5A0024EECD /* MenuItemDetailViewController.swift */; };
		3AB9DF35261C00B80024EECD /* MenuItem.swift in Sources */ = {isa = PBXBuildFile; fileRef = 3AB9DF34261C00B80024EECD /* MenuItem.swift */; };
		3AB9DF38261C01D00024EECD /* IntermediaryModels.swift in Sources */ = {isa = PBXBuildFile; fileRef = 3AB9DF37261C01D00024EECD /* IntermediaryModels.swift */; };
		3AB9DF3B261C021B0024EECD /* Order.swift in Sources */ = {isa = PBXBuildFile; fileRef = 3AB9DF3A261C021B0024EECD /* Order.swift */; };
/* End PBXBuildFile section */

/* Begin PBXFileReference section */
		3AB9DF0C261BFBBE0024EECD /* Restaurant.app */ = {isa = PBXFileReference; explicitFileType = wrapper.application; includeInIndex = 0; path = Restaurant.app; sourceTree = BUILT_PRODUCTS_DIR; };
		3AB9DF0F261BFBBE0024EECD /* AppDelegate.swift */ = {isa = PBXFileReference; lastKnownFileType = sourcecode.swift; path = AppDelegate.swift; sourceTree = "<group>"; };
		3AB9DF11261BFBBE0024EECD /* SceneDelegate.swift */ = {isa = PBXFileReference; lastKnownFileType = sourcecode.swift; path = SceneDelegate.swift; sourceTree = "<group>"; };
		3AB9DF16261BFBBE0024EECD /* Base */ = {isa = PBXFileReference; lastKnownFileType = file.storyboard; name = Base; path = Base.lproj/Main.storyboard; sourceTree = "<group>"; };
		3AB9DF18261BFBC00024EECD /* Assets.xcassets */ = {isa = PBXFileReference; lastKnownFileType = folder.assetcatalog; path = Assets.xcassets; sourceTree = "<group>"; };
		3AB9DF1B261BFBC00024EECD /* Base */ = {isa = PBXFileReference; lastKnownFileType = file.storyboard; name = Base; path = Base.lproj/LaunchScreen.storyboard; sourceTree = "<group>"; };
		3AB9DF1D261BFBC00024EECD /* Info.plist */ = {isa = PBXFileReference; lastKnownFileType = text.plist.xml; path = Info.plist; sourceTree = "<group>"; };
		3AB9DF25261BFE5A0024EECD /* CategoryTableViewController.swift */ = {isa = PBXFileReference; lastKnownFileType = sourcecode.swift; path = CategoryTableViewController.swift; sourceTree = "<group>"; };
		3AB9DF28261BFE6E0024EECD /* MenuTableViewController.swift */ = {isa = PBXFileReference; lastKnownFileType = sourcecode.swift; path = MenuTableViewController.swift; sourceTree = "<group>"; };
		3AB9DF2B261BFE7F0024EECD /* OrderTableViewController.swift */ = {isa = PBXFileReference; lastKnownFileType = sourcecode.swift; path = OrderTableViewController.swift; sourceTree = "<group>"; };
		3AB9DF2F261BFF5A0024EECD /* MenuItemDetailViewController.swift */ = {isa = PBXFileReference; lastKnownFileType = sourcecode.swift; path = MenuItemDetailViewController.swift; sourceTree = "<group>"; };
		3AB9DF34261C00B80024EECD /* MenuItem.swift */ = {isa = PBXFileReference; lastKnownFileType = sourcecode.swift; path = MenuItem.swift; sourceTree = "<group>"; };
		3AB9DF37261C01D00024EECD /* IntermediaryModels.swift */ = {isa = PBXFileReference; lastKnownFileType = sourcecode.swift; path = IntermediaryModels.swift; sourceTree = "<group>"; };
		3AB9DF3A261C021B0024EECD /* Order.swift */ = {isa = PBXFileReference; lastKnownFileType = sourcecode.swift; path = Order.swift; sourceTree = "<group>"; };
/* End PBXFileReference section */

/* Begin PBXFrameworksBuildPhase section */
		3AB9DF09261BFBBE0024EECD /* Frameworks */ = {
			isa = PBXFrameworksBuildPhase;
			buildActionMask = 2147483647;
			files = (
			);
			runOnlyForDeploymentPostprocessing = 0;
		};
/* End PBXFrameworksBuildPhase section */

/* Begin PBXGroup section */
		3AB9DF03261BFBBE0024EECD = {
			isa = PBXGroup;
			children = (
				3AB9DF0E261BFBBE0024EECD /* Restaurant */,
				3AB9DF0D261BFBBE0024EECD /* Products */,
			);
			sourceTree = "<group>";
		};
		3AB9DF0D261BFBBE0024EECD /* Products */ = {
			isa = PBXGroup;
			children = (
				3AB9DF0C261BFBBE0024EECD /* Restaurant.app */,
			);
			name = Products;
			sourceTree = "<group>";
		};
		3AB9DF0E261BFBBE0024EECD /* Restaurant */ = {
			isa = PBXGroup;
			children = (
				3AB9DF33261C00770024EECD /* Model */,
				3AB9DF32261C00700024EECD /* View */,
				3AB9DF24261BFE3C0024EECD /* Controller */,
				3AB9DF0F261BFBBE0024EECD /* AppDelegate.swift */,
				3AB9DF11261BFBBE0024EECD /* SceneDelegate.swift */,
				3AB9DF15261BFBBE0024EECD /* Main.storyboard */,
				3AB9DF18261BFBC00024EECD /* Assets.xcassets */,
				3AB9DF1A261BFBC00024EECD /* LaunchScreen.storyboard */,
				3AB9DF1D261BFBC00024EECD /* Info.plist */,
			);
			path = Restaurant;
			sourceTree = "<group>";
		};
		3AB9DF24261BFE3C0024EECD /* Controller */ = {
			isa = PBXGroup;
			children = (
				3AB9DF25261BFE5A0024EECD /* CategoryTableViewController.swift */,
				3AB9DF28261BFE6E0024EECD /* MenuTableViewController.swift */,
				3AB9DF2B261BFE7F0024EECD /* OrderTableViewController.swift */,
				3AB9DF2F261BFF5A0024EECD /* MenuItemDetailViewController.swift */,
			);
			path = Controller;
			sourceTree = "<group>";
		};
		3AB9DF32261C00700024EECD /* View */ = {
			isa = PBXGroup;
			children = (
			);
			path = View;
			sourceTree = "<group>";
		};
		3AB9DF33261C00770024EECD /* Model */ = {
			isa = PBXGroup;
			children = (
				3AB9DF34261C00B80024EECD /* MenuItem.swift */,
				3AB9DF37261C01D00024EECD /* IntermediaryModels.swift */,
				3AB9DF3A261C021B0024EECD /* Order.swift */,
			);
			path = Model;
			sourceTree = "<group>";
		};
/* End PBXGroup section */

/* Begin PBXNativeTarget section */
		3AB9DF0B261BFBBE0024EECD /* Restaurant */ = {
			isa = PBXNativeTarget;
			buildConfigurationList = 3AB9DF20261BFBC00024EECD /* Build configuration list for PBXNativeTarget "Restaurant" */;
			buildPhases = (
				3AB9DF08261BFBBE0024EECD /* Sources */,
				3AB9DF09261BFBBE0024EECD /* Frameworks */,
				3AB9DF0A261BFBBE0024EECD /* Resources */,
			);
			buildRules = (
			);
			dependencies = (
			);
			name = Restaurant;
			productName = Restaurant;
			productReference = 3AB9DF0C261BFBBE0024EECD /* Restaurant.app */;
			productType = "com.apple.product-type.application";
		};
/* End PBXNativeTarget section */

/* Begin PBXProject section */
		3AB9DF04261BFBBE0024EECD /* Project object */ = {
			isa = PBXProject;
			attributes = {
				LastSwiftUpdateCheck = 1240;
				LastUpgradeCheck = 1240;
				TargetAttributes = {
					3AB9DF0B261BFBBE0024EECD = {
						CreatedOnToolsVersion = 12.4;
					};
				};
			};
			buildConfigurationList = 3AB9DF07261BFBBE0024EECD /* Build configuration list for PBXProject "Restaurant" */;
			compatibilityVersion = "Xcode 9.3";
			developmentRegion = en;
			hasScannedForEncodings = 0;
			knownRegions = (
				en,
				Base,
			);
			mainGroup = 3AB9DF03261BFBBE0024EECD;
			productRefGroup = 3AB9DF0D261BFBBE0024EECD /* Products */;
			projectDirPath = "";
			projectRoot = "";
			targets = (
				3AB9DF0B261BFBBE0024EECD /* Restaurant */,
			);
		};
/* End PBXProject section */

/* Begin PBXResourcesBuildPhase section */
		3AB9DF0A261BFBBE0024EECD /* Resources */ = {
			isa = PBXResourcesBuildPhase;
			buildActionMask = 2147483647;
			files = (
				3AB9DF1C261BFBC00024EECD /* LaunchScreen.storyboard in Resources */,
				3AB9DF19261BFBC00024EECD /* Assets.xcassets in Resources */,
				3AB9DF17261BFBBE0024EECD /* Main.storyboard in Resources */,
			);
			runOnlyForDeploymentPostprocessing = 0;
		};
/* End PBXResourcesBuildPhase section */

/* Begin PBXSourcesBuildPhase section */
		3AB9DF08261BFBBE0024EECD /* Sources */ = {
			isa = PBXSourcesBuildPhase;
			buildActionMask = 2147483647;
			files = (
				3AB9DF35261C00B80024EECD /* MenuItem.swift in Sources */,
				3AB9DF10261BFBBE0024EECD /* AppDelegate.swift in Sources */,
				3AB9DF30261BFF5A0024EECD /* MenuItemDetailViewController.swift in Sources */,
				3AB9DF3B261C021B0024EECD /* Order.swift in Sources */,
				3AB9DF29261BFE6E0024EECD /* MenuTableViewController.swift in Sources */,
				3AB9DF38261C01D00024EECD /* IntermediaryModels.swift in Sources */,
				3AB9DF12261BFBBE0024EECD /* SceneDelegate.swift in Sources */,
				3AB9DF2C261BFE7F0024EECD /* OrderTableViewController.swift in Sources */,
				3AB9DF26261BFE5A0024EECD /* CategoryTableViewController.swift in Sources */,
			);
			runOnlyForDeploymentPostprocessing = 0;
		};
/* End PBXSourcesBuildPhase section */

/* Begin PBXVariantGroup section */
		3AB9DF15261BFBBE0024EECD /* Main.storyboard */ = {
			isa = PBXVariantGroup;
			children = (
				3AB9DF16261BFBBE0024EECD /* Base */,
			);
			name = Main.storyboard;
			sourceTree = "<group>";
		};
		3AB9DF1A261BFBC00024EECD /* LaunchScreen.storyboard */ = {
			isa = PBXVariantGroup;
			children = (
				3AB9DF1B261BFBC00024EECD /* Base */,
			);
			name = LaunchScreen.storyboard;
			sourceTree = "<group>";
		};
/* End PBXVariantGroup section */

/* Begin XCBuildConfiguration section */
		3AB9DF1E261BFBC00024EECD /* Debug */ = {
			isa = XCBuildConfiguration;
			buildSettings = {
				ALWAYS_SEARCH_USER_PATHS = NO;
				CLANG_ANALYZER_NONNULL = YES;
				CLANG_ANALYZER_NUMBER_OBJECT_CONVERSION = YES_AGGRESSIVE;
				CLANG_CXX_LANGUAGE_STANDARD = "gnu++14";
				CLANG_CXX_LIBRARY = "libc++";
				CLANG_ENABLE_MODULES = YES;
				CLANG_ENABLE_OBJC_ARC = YES;
				CLANG_ENABLE_OBJC_WEAK = YES;
				CLANG_WARN_BLOCK_CAPTURE_AUTORELEASING = YES;
				CLANG_WARN_BOOL_CONVERSION = YES;
				CLANG_WARN_COMMA = YES;
				CLANG_WARN_CONSTANT_CONVERSION = YES;
				CLANG_WARN_DEPRECATED_OBJC_IMPLEMENTATIONS = YES;
				CLANG_WARN_DIRECT_OBJC_ISA_USAGE = YES_ERROR;
				CLANG_WARN_DOCUMENTATION_COMMENTS = YES;
				CLANG_WARN_EMPTY_BODY = YES;
				CLANG_WARN_ENUM_CONVERSION = YES;
				CLANG_WARN_INFINITE_RECURSION = YES;
				CLANG_WARN_INT_CONVERSION = YES;
				CLANG_WARN_NON_LITERAL_NULL_CONVERSION = YES;
				CLANG_WARN_OBJC_IMPLICIT_RETAIN_SELF = YES;
				CLANG_WARN_OBJC_LITERAL_CONVERSION = YES;
				CLANG_WARN_OBJC_ROOT_CLASS = YES_ERROR;
				CLANG_WARN_QUOTED_INCLUDE_IN_FRAMEWORK_HEADER = YES;
				CLANG_WARN_RANGE_LOOP_ANALYSIS = YES;
				CLANG_WARN_STRICT_PROTOTYPES = YES;
				CLANG_WARN_SUSPICIOUS_MOVE = YES;
				CLANG_WARN_UNGUARDED_AVAILABILITY = YES_AGGRESSIVE;
				CLANG_WARN_UNREACHABLE_CODE = YES;
				CLANG_WARN__DUPLICATE_METHOD_MATCH = YES;
				COPY_PHASE_STRIP = NO;
				DEBUG_INFORMATION_FORMAT = dwarf;
				ENABLE_STRICT_OBJC_MSGSEND = YES;
				ENABLE_TESTABILITY = YES;
				GCC_C_LANGUAGE_STANDARD = gnu11;
				GCC_DYNAMIC_NO_PIC = NO;
				GCC_NO_COMMON_BLOCKS = YES;
				GCC_OPTIMIZATION_LEVEL = 0;
				GCC_PREPROCESSOR_DEFINITIONS = (
					"DEBUG=1",
					"$(inherited)",
				);
				GCC_WARN_64_TO_32_BIT_CONVERSION = YES;
				GCC_WARN_ABOUT_RETURN_TYPE = YES_ERROR;
				GCC_WARN_UNDECLARED_SELECTOR = YES;
				GCC_WARN_UNINITIALIZED_AUTOS = YES_AGGRESSIVE;
				GCC_WARN_UNUSED_FUNCTION = YES;
				GCC_WARN_UNUSED_VARIABLE = YES;
				IPHONEOS_DEPLOYMENT_TARGET = 14.4;
				MTL_ENABLE_DEBUG_INFO = INCLUDE_SOURCE;
				MTL_FAST_MATH = YES;
				ONLY_ACTIVE_ARCH = YES;
				SDKROOT = iphoneos;
				SWIFT_ACTIVE_COMPILATION_CONDITIONS = DEBUG;
				SWIFT_OPTIMIZATION_LEVEL = "-Onone";
			};
			name = Debug;
		};
		3AB9DF1F261BFBC00024EECD /* Release */ = {
			isa = XCBuildConfiguration;
			buildSettings = {
				ALWAYS_SEARCH_USER_PATHS = NO;
				CLANG_ANALYZER_NONNULL = YES;
				CLANG_ANALYZER_NUMBER_OBJECT_CONVERSION = YES_AGGRESSIVE;
				CLANG_CXX_LANGUAGE_STANDARD = "gnu++14";
				CLANG_CXX_LIBRARY = "libc++";
				CLANG_ENABLE_MODULES = YES;
				CLANG_ENABLE_OBJC_ARC = YES;
				CLANG_ENABLE_OBJC_WEAK = YES;
				CLANG_WARN_BLOCK_CAPTURE_AUTORELEASING = YES;
				CLANG_WARN_BOOL_CONVERSION = YES;
				CLANG_WARN_COMMA = YES;
				CLANG_WARN_CONSTANT_CONVERSION = YES;
				CLANG_WARN_DEPRECATED_OBJC_IMPLEMENTATIONS = YES;
				CLANG_WARN_DIRECT_OBJC_ISA_USAGE = YES_ERROR;
				CLANG_WARN_DOCUMENTATION_COMMENTS = YES;
				CLANG_WARN_EMPTY_BODY = YES;
				CLANG_WARN_ENUM_CONVERSION = YES;
				CLANG_WARN_INFINITE_RECURSION = YES;
				CLANG_WARN_INT_CONVERSION = YES;
				CLANG_WARN_NON_LITERAL_NULL_CONVERSION = YES;
				CLANG_WARN_OBJC_IMPLICIT_RETAIN_SELF = YES;
				CLANG_WARN_OBJC_LITERAL_CONVERSION = YES;
				CLANG_WARN_OBJC_ROOT_CLASS = YES_ERROR;
				CLANG_WARN_QUOTED_INCLUDE_IN_FRAMEWORK_HEADER = YES;
				CLANG_WARN_RANGE_LOOP_ANALYSIS = YES;
				CLANG_WARN_STRICT_PROTOTYPES = YES;
				CLANG_WARN_SUSPICIOUS_MOVE = YES;
				CLANG_WARN_UNGUARDED_AVAILABILITY = YES_AGGRESSIVE;
				CLANG_WARN_UNREACHABLE_CODE = YES;
				CLANG_WARN__DUPLICATE_METHOD_MATCH = YES;
				COPY_PHASE_STRIP = NO;
				DEBUG_INFORMATION_FORMAT = "dwarf-with-dsym";
				ENABLE_NS_ASSERTIONS = NO;
				ENABLE_STRICT_OBJC_MSGSEND = YES;
				GCC_C_LANGUAGE_STANDARD = gnu11;
				GCC_NO_COMMON_BLOCKS = YES;
				GCC_WARN_64_TO_32_BIT_CONVERSION = YES;
				GCC_WARN_ABOUT_RETURN_TYPE = YES_ERROR;
				GCC_WARN_UNDECLARED_SELECTOR = YES;
				GCC_WARN_UNINITIALIZED_AUTOS = YES_AGGRESSIVE;
				GCC_WARN_UNUSED_FUNCTION = YES;
				GCC_WARN_UNUSED_VARIABLE = YES;
				IPHONEOS_DEPLOYMENT_TARGET = 14.4;
				MTL_ENABLE_DEBUG_INFO = NO;
				MTL_FAST_MATH = YES;
				SDKROOT = iphoneos;
				SWIFT_COMPILATION_MODE = wholemodule;
				SWIFT_OPTIMIZATION_LEVEL = "-O";
				VALIDATE_PRODUCT = YES;
			};
			name = Release;
		};
		3AB9DF21261BFBC00024EECD /* Debug */ = {
			isa = XCBuildConfiguration;
			buildSettings = {
				ASSETCATALOG_COMPILER_APPICON_NAME = AppIcon;
				ASSETCATALOG_COMPILER_GLOBAL_ACCENT_COLOR_NAME = AccentColor;
				CODE_SIGN_STYLE = Automatic;
				DEVELOPMENT_TEAM = MMSJ2DXRDG;
				INFOPLIST_FILE = Restaurant/Info.plist;
				LD_RUNPATH_SEARCH_PATHS = (
					"$(inherited)",
					"@executable_path/Frameworks",
				);
				PRODUCT_BUNDLE_IDENTIFIER = com.thecoderpilot.Restaurant;
				PRODUCT_NAME = "$(TARGET_NAME)";
				SWIFT_VERSION = 5.0;
				TARGETED_DEVICE_FAMILY = "1,2";
			};
			name = Debug;
		};
		3AB9DF22261BFBC00024EECD /* Release */ = {
			isa = XCBuildConfiguration;
			buildSettings = {
				ASSETCATALOG_COMPILER_APPICON_NAME = AppIcon;
				ASSETCATALOG_COMPILER_GLOBAL_ACCENT_COLOR_NAME = AccentColor;
				CODE_SIGN_STYLE = Automatic;
				DEVELOPMENT_TEAM = MMSJ2DXRDG;
				INFOPLIST_FILE = Restaurant/Info.plist;
				LD_RUNPATH_SEARCH_PATHS = (
					"$(inherited)",
					"@executable_path/Frameworks",
				);
				PRODUCT_BUNDLE_IDENTIFIER = com.thecoderpilot.Restaurant;
				PRODUCT_NAME = "$(TARGET_NAME)";
				SWIFT_VERSION = 5.0;
				TARGETED_DEVICE_FAMILY = "1,2";
			};
			name = Release;
		};
/* End XCBuildConfiguration section */

/* Begin XCConfigurationList section */
		3AB9DF07261BFBBE0024EECD /* Build configuration list for PBXProject "Restaurant" */ = {
			isa = XCConfigurationList;
			buildConfigurations = (
				3AB9DF1E261BFBC00024EECD /* Debug */,
				3AB9DF1F261BFBC00024EECD /* Release */,
			);
			defaultConfigurationIsVisible = 0;
			defaultConfigurationName = Release;
		};
		3AB9DF20261BFBC00024EECD /* Build configuration list for PBXNativeTarget "Restaurant" */ = {
			isa = XCConfigurationList;
			buildConfigurations = (
				3AB9DF21261BFBC00024EECD /* Debug */,
				3AB9DF22261BFBC00024EECD /* Release */,
			);
			defaultConfigurationIsVisible = 0;
			defaultConfigurationName = Release;
		};
/* End XCConfigurationList section */
	};
	rootObject = 3AB9DF04261BFBBE0024EECD /* Project object */;
}
